// !$*UTF8*$!
{
	archiveVersion = 1;
	classes = {
	};
	objectVersion = 50;
	objects = {

/* Begin PBXBuildFile section */
		948BB0652856D56E000C5625 /* AppDelegate.swift in Sources */ = {isa = PBXBuildFile; fileRef = 948BB0642856D56E000C5625 /* AppDelegate.swift */; };
		948BB0692856D56E000C5625 /* ViewController.swift in Sources */ = {isa = PBXBuildFile; fileRef = 948BB0682856D56E000C5625 /* ViewController.swift */; };
		948BB06C2856D56E000C5625 /* Main.storyboard in Resources */ = {isa = PBXBuildFile; fileRef = 948BB06A2856D56E000C5625 /* Main.storyboard */; };
		948BB06E2856D572000C5625 /* Assets.xcassets in Resources */ = {isa = PBXBuildFile; fileRef = 948BB06D2856D572000C5625 /* Assets.xcassets */; };
		948BB0712856D572000C5625 /* LaunchScreen.storyboard in Resources */ = {isa = PBXBuildFile; fileRef = 948BB06F2856D572000C5625 /* LaunchScreen.storyboard */; };
		94F099EE27E7EE5A00CDC2C1 /* AppDelegate.m in Sources */ = {isa = PBXBuildFile; fileRef = 94F099ED27E7EE5A00CDC2C1 /* AppDelegate.m */; };
		94F099F427E7EE5A00CDC2C1 /* ViewController.m in Sources */ = {isa = PBXBuildFile; fileRef = 94F099F327E7EE5A00CDC2C1 /* ViewController.m */; };
		94F099F727E7EE5A00CDC2C1 /* Main.storyboard in Resources */ = {isa = PBXBuildFile; fileRef = 94F099F527E7EE5A00CDC2C1 /* Main.storyboard */; };
		94F099F927E7EE6700CDC2C1 /* Assets.xcassets in Resources */ = {isa = PBXBuildFile; fileRef = 94F099F827E7EE6700CDC2C1 /* Assets.xcassets */; };
		94F099FC27E7EE6700CDC2C1 /* LaunchScreen.storyboard in Resources */ = {isa = PBXBuildFile; fileRef = 94F099FA27E7EE6700CDC2C1 /* LaunchScreen.storyboard */; };
		94F099FF27E7EE6700CDC2C1 /* main.m in Sources */ = {isa = PBXBuildFile; fileRef = 94F099FE27E7EE6700CDC2C1 /* main.m */; };
/* End PBXBuildFile section */

/* Begin PBXFileReference section */
		948BB0622856D56E000C5625 /* spotlightAppSwift.app */ = {isa = PBXFileReference; explicitFileType = wrapper.application; includeInIndex = 0; path = spotlightAppSwift.app; sourceTree = BUILT_PRODUCTS_DIR; };
		948BB0642856D56E000C5625 /* AppDelegate.swift */ = {isa = PBXFileReference; lastKnownFileType = sourcecode.swift; path = AppDelegate.swift; sourceTree = "<group>"; };
		948BB0682856D56E000C5625 /* ViewController.swift */ = {isa = PBXFileReference; lastKnownFileType = sourcecode.swift; path = ViewController.swift; sourceTree = "<group>"; };
		948BB06B2856D56E000C5625 /* Base */ = {isa = PBXFileReference; lastKnownFileType = file.storyboard; name = Base; path = Base.lproj/Main.storyboard; sourceTree = "<group>"; };
		948BB06D2856D572000C5625 /* Assets.xcassets */ = {isa = PBXFileReference; lastKnownFileType = folder.assetcatalog; path = Assets.xcassets; sourceTree = "<group>"; };
		948BB0702856D572000C5625 /* Base */ = {isa = PBXFileReference; lastKnownFileType = file.storyboard; name = Base; path = Base.lproj/LaunchScreen.storyboard; sourceTree = "<group>"; };
		948BB0722856D572000C5625 /* Info.plist */ = {isa = PBXFileReference; lastKnownFileType = text.plist.xml; path = Info.plist; sourceTree = "<group>"; };
		94F099E927E7EE5A00CDC2C1 /* spotlightApp.app */ = {isa = PBXFileReference; explicitFileType = wrapper.application; includeInIndex = 0; path = spotlightApp.app; sourceTree = BUILT_PRODUCTS_DIR; };
		94F099EC27E7EE5A00CDC2C1 /* AppDelegate.h */ = {isa = PBXFileReference; lastKnownFileType = sourcecode.c.h; path = AppDelegate.h; sourceTree = "<group>"; };
		94F099ED27E7EE5A00CDC2C1 /* AppDelegate.m */ = {isa = PBXFileReference; lastKnownFileType = sourcecode.c.objc; path = AppDelegate.m; sourceTree = "<group>"; };
		94F099F227E7EE5A00CDC2C1 /* ViewController.h */ = {isa = PBXFileReference; lastKnownFileType = sourcecode.c.h; path = ViewController.h; sourceTree = "<group>"; };
		94F099F327E7EE5A00CDC2C1 /* ViewController.m */ = {isa = PBXFileReference; lastKnownFileType = sourcecode.c.objc; path = ViewController.m; sourceTree = "<group>"; };
		94F099F627E7EE5A00CDC2C1 /* Base */ = {isa = PBXFileReference; lastKnownFileType = file.storyboard; name = Base; path = Base.lproj/Main.storyboard; sourceTree = "<group>"; };
		94F099F827E7EE6700CDC2C1 /* Assets.xcassets */ = {isa = PBXFileReference; lastKnownFileType = folder.assetcatalog; path = Assets.xcassets; sourceTree = "<group>"; };
		94F099FB27E7EE6700CDC2C1 /* Base */ = {isa = PBXFileReference; lastKnownFileType = file.storyboard; name = Base; path = Base.lproj/LaunchScreen.storyboard; sourceTree = "<group>"; };
		94F099FD27E7EE6700CDC2C1 /* Info.plist */ = {isa = PBXFileReference; lastKnownFileType = text.plist.xml; path = Info.plist; sourceTree = "<group>"; };
		94F099FE27E7EE6700CDC2C1 /* main.m */ = {isa = PBXFileReference; lastKnownFileType = sourcecode.c.objc; path = main.m; sourceTree = "<group>"; };
/* End PBXFileReference section */

/* Begin PBXFrameworksBuildPhase section */
		948BB05F2856D56E000C5625 /* Frameworks */ = {
			isa = PBXFrameworksBuildPhase;
			buildActionMask = 2147483647;
			files = (
			);
			runOnlyForDeploymentPostprocessing = 0;
		};
		94F099E627E7EE5A00CDC2C1 /* Frameworks */ = {
			isa = PBXFrameworksBuildPhase;
			buildActionMask = 2147483647;
			files = (
			);
			runOnlyForDeploymentPostprocessing = 0;
		};
/* End PBXFrameworksBuildPhase section */

/* Begin PBXGroup section */
		948BB0632856D56E000C5625 /* spotlightAppSwift */ = {
			isa = PBXGroup;
			children = (
				948BB0642856D56E000C5625 /* AppDelegate.swift */,
				948BB0682856D56E000C5625 /* ViewController.swift */,
				948BB06A2856D56E000C5625 /* Main.storyboard */,
				948BB06D2856D572000C5625 /* Assets.xcassets */,
				948BB06F2856D572000C5625 /* LaunchScreen.storyboard */,
				948BB0722856D572000C5625 /* Info.plist */,
			);
			path = spotlightAppSwift;
			sourceTree = "<group>";
		};
		94F099E027E7EE5A00CDC2C1 = {
			isa = PBXGroup;
			children = (
				94F099EB27E7EE5A00CDC2C1 /* spotlightApp */,
				948BB0632856D56E000C5625 /* spotlightAppSwift */,
				94F099EA27E7EE5A00CDC2C1 /* Products */,
			);
			sourceTree = "<group>";
		};
		94F099EA27E7EE5A00CDC2C1 /* Products */ = {
			isa = PBXGroup;
			children = (
				94F099E927E7EE5A00CDC2C1 /* spotlightApp.app */,
				948BB0622856D56E000C5625 /* spotlightAppSwift.app */,
			);
			name = Products;
			sourceTree = "<group>";
		};
		94F099EB27E7EE5A00CDC2C1 /* spotlightApp */ = {
			isa = PBXGroup;
			children = (
				94F099EC27E7EE5A00CDC2C1 /* AppDelegate.h */,
				94F099ED27E7EE5A00CDC2C1 /* AppDelegate.m */,
				94F099F227E7EE5A00CDC2C1 /* ViewController.h */,
				94F099F327E7EE5A00CDC2C1 /* ViewController.m */,
				94F099F527E7EE5A00CDC2C1 /* Main.storyboard */,
				94F099F827E7EE6700CDC2C1 /* Assets.xcassets */,
				94F099FA27E7EE6700CDC2C1 /* LaunchScreen.storyboard */,
				94F099FD27E7EE6700CDC2C1 /* Info.plist */,
				94F099FE27E7EE6700CDC2C1 /* main.m */,
			);
			path = spotlightApp;
			sourceTree = "<group>";
		};
/* End PBXGroup section */

/* Begin PBXNativeTarget section */
		948BB0612856D56E000C5625 /* spotlightAppSwift */ = {
			isa = PBXNativeTarget;
			buildConfigurationList = 948BB0732856D572000C5625 /* Build configuration list for PBXNativeTarget "spotlightAppSwift" */;
			buildPhases = (
				948BB05E2856D56E000C5625 /* Sources */,
				948BB05F2856D56E000C5625 /* Frameworks */,
				948BB0602856D56E000C5625 /* Resources */,
			);
			buildRules = (
			);
			dependencies = (
			);
			name = spotlightAppSwift;
			productName = spotlightAppSwift;
			productReference = 948BB0622856D56E000C5625 /* spotlightAppSwift.app */;
			productType = "com.apple.product-type.application";
		};
		94F099E827E7EE5A00CDC2C1 /* spotlightApp */ = {
			isa = PBXNativeTarget;
			buildConfigurationList = 94F09A0227E7EE6700CDC2C1 /* Build configuration list for PBXNativeTarget "spotlightApp" */;
			buildPhases = (
				94F099E527E7EE5A00CDC2C1 /* Sources */,
				94F099E627E7EE5A00CDC2C1 /* Frameworks */,
				94F099E727E7EE5A00CDC2C1 /* Resources */,
			);
			buildRules = (
			);
			dependencies = (
			);
			name = spotlightApp;
			productName = spotlightApp;
			productReference = 94F099E927E7EE5A00CDC2C1 /* spotlightApp.app */;
			productType = "com.apple.product-type.application";
		};
/* End PBXNativeTarget section */

/* Begin PBXProject section */
		94F099E127E7EE5A00CDC2C1 /* Project object */ = {
			isa = PBXProject;
			attributes = {
				LastSwiftUpdateCheck = 1340;
				LastUpgradeCheck = 1220;
				TargetAttributes = {
					948BB0612856D56E000C5625 = {
						CreatedOnToolsVersion = 13.4.1;
					};
					94F099E827E7EE5A00CDC2C1 = {
						CreatedOnToolsVersion = 12.2;
					};
				};
			};
			buildConfigurationList = 94F099E427E7EE5A00CDC2C1 /* Build configuration list for PBXProject "spotlightApp" */;
			compatibilityVersion = "Xcode 9.3";
			developmentRegion = en;
			hasScannedForEncodings = 0;
			knownRegions = (
				en,
				Base,
			);
			mainGroup = 94F099E027E7EE5A00CDC2C1;
			productRefGroup = 94F099EA27E7EE5A00CDC2C1 /* Products */;
			projectDirPath = "";
			projectRoot = "";
			targets = (
				94F099E827E7EE5A00CDC2C1 /* spotlightApp */,
				948BB0612856D56E000C5625 /* spotlightAppSwift */,
			);
		};
/* End PBXProject section */

/* Begin PBXResourcesBuildPhase section */
		948BB0602856D56E000C5625 /* Resources */ = {
			isa = PBXResourcesBuildPhase;
			buildActionMask = 2147483647;
			files = (
				948BB0712856D572000C5625 /* LaunchScreen.storyboard in Resources */,
				948BB06E2856D572000C5625 /* Assets.xcassets in Resources */,
				948BB06C2856D56E000C5625 /* Main.storyboard in Resources */,
			);
			runOnlyForDeploymentPostprocessing = 0;
		};
		94F099E727E7EE5A00CDC2C1 /* Resources */ = {
			isa = PBXResourcesBuildPhase;
			buildActionMask = 2147483647;
			files = (
				94F099FC27E7EE6700CDC2C1 /* LaunchScreen.storyboard in Resources */,
				94F099F927E7EE6700CDC2C1 /* Assets.xcassets in Resources */,
				94F099F727E7EE5A00CDC2C1 /* Main.storyboard in Resources */,
			);
			runOnlyForDeploymentPostprocessing = 0;
		};
/* End PBXResourcesBuildPhase section */

/* Begin PBXSourcesBuildPhase section */
		948BB05E2856D56E000C5625 /* Sources */ = {
			isa = PBXSourcesBuildPhase;
			buildActionMask = 2147483647;
			files = (
				948BB0692856D56E000C5625 /* ViewController.swift in Sources */,
				948BB0652856D56E000C5625 /* AppDelegate.swift in Sources */,
			);
			runOnlyForDeploymentPostprocessing = 0;
		};
		94F099E527E7EE5A00CDC2C1 /* Sources */ = {
			isa = PBXSourcesBuildPhase;
			buildActionMask = 2147483647;
			files = (
				94F099F427E7EE5A00CDC2C1 /* ViewController.m in Sources */,
				94F099EE27E7EE5A00CDC2C1 /* AppDelegate.m in Sources */,
				94F099FF27E7EE6700CDC2C1 /* main.m in Sources */,
			);
			runOnlyForDeploymentPostprocessing = 0;
		};
/* End PBXSourcesBuildPhase section */

/* Begin PBXVariantGroup section */
		948BB06A2856D56E000C5625 /* Main.storyboard */ = {
			isa = PBXVariantGroup;
			children = (
				948BB06B2856D56E000C5625 /* Base */,
			);
			name = Main.storyboard;
			sourceTree = "<group>";
		};
		948BB06F2856D572000C5625 /* LaunchScreen.storyboard */ = {
			isa = PBXVariantGroup;
			children = (
				948BB0702856D572000C5625 /* Base */,
			);
			name = LaunchScreen.storyboard;
			sourceTree = "<group>";
		};
		94F099F527E7EE5A00CDC2C1 /* Main.storyboard */ = {
			isa = PBXVariantGroup;
			children = (
				94F099F627E7EE5A00CDC2C1 /* Base */,
			);
			name = Main.storyboard;
			sourceTree = "<group>";
		};
		94F099FA27E7EE6700CDC2C1 /* LaunchScreen.storyboard */ = {
			isa = PBXVariantGroup;
			children = (
				94F099FB27E7EE6700CDC2C1 /* Base */,
			);
			name = LaunchScreen.storyboard;
			sourceTree = "<group>";
		};
/* End PBXVariantGroup section */

/* Begin XCBuildConfiguration section */
		948BB0742856D572000C5625 /* Debug */ = {
			isa = XCBuildConfiguration;
			buildSettings = {
				ASSETCATALOG_COMPILER_APPICON_NAME = AppIcon;
				ASSETCATALOG_COMPILER_GLOBAL_ACCENT_COLOR_NAME = AccentColor;
				CLANG_CXX_LANGUAGE_STANDARD = "gnu++17";
				CODE_SIGN_STYLE = Automatic;
				CURRENT_PROJECT_VERSION = 1;
				DEVELOPMENT_TEAM = QPWUJCX8L6;
				GENERATE_INFOPLIST_FILE = YES;
				INFOPLIST_FILE = spotlightAppSwift/Info.plist;
				INFOPLIST_KEY_UIApplicationSupportsIndirectInputEvents = YES;
				INFOPLIST_KEY_UILaunchStoryboardName = LaunchScreen;
				INFOPLIST_KEY_UIMainStoryboardFile = Main;
				INFOPLIST_KEY_UIStatusBarHidden = YES;
				INFOPLIST_KEY_UISupportedInterfaceOrientations = "";
				INFOPLIST_KEY_UISupportedInterfaceOrientations_iPad = "UIInterfaceOrientationPortrait UIInterfaceOrientationPortraitUpsideDown UIInterfaceOrientationLandscapeLeft UIInterfaceOrientationLandscapeRight";
				INFOPLIST_KEY_UISupportedInterfaceOrientations_iPhone = "UIInterfaceOrientationPortrait UIInterfaceOrientationLandscapeLeft UIInterfaceOrientationLandscapeRight";
				IPHONEOS_DEPLOYMENT_TARGET = 10.1;
				LD_RUNPATH_SEARCH_PATHS = (
					"$(inherited)",
					"@executable_path/Frameworks",
				);
				MARKETING_VERSION = 1.0;
				PRODUCT_BUNDLE_IDENTIFIER = Austerity.spotlightAppSwift;
				PRODUCT_NAME = "$(TARGET_NAME)";
				SWIFT_ACTIVE_COMPILATION_CONDITIONS = DEBUG;
				SWIFT_EMIT_LOC_STRINGS = YES;
				SWIFT_OPTIMIZATION_LEVEL = "-Onone";
				SWIFT_VERSION = 5.0;
				TARGETED_DEVICE_FAMILY = "1,2";
			};
			name = Debug;
		};
		948BB0752856D572000C5625 /* Release */ = {
			isa = XCBuildConfiguration;
			buildSettings = {
				ASSETCATALOG_COMPILER_APPICON_NAME = AppIcon;
				ASSETCATALOG_COMPILER_GLOBAL_ACCENT_COLOR_NAME = AccentColor;
				CLANG_CXX_LANGUAGE_STANDARD = "gnu++17";
				CODE_SIGN_STYLE = Automatic;
				CURRENT_PROJECT_VERSION = 1;
				DEVELOPMENT_TEAM = QPWUJCX8L6;
				GENERATE_INFOPLIST_FILE = YES;
				INFOPLIST_FILE = spotlightAppSwift/Info.plist;
				INFOPLIST_KEY_UIApplicationSupportsIndirectInputEvents = YES;
				INFOPLIST_KEY_UILaunchStoryboardName = LaunchScreen;
				INFOPLIST_KEY_UIMainStoryboardFile = Main;
				INFOPLIST_KEY_UIStatusBarHidden = YES;
				INFOPLIST_KEY_UISupportedInterfaceOrientations = "";
				INFOPLIST_KEY_UISupportedInterfaceOrientations_iPad = "UIInterfaceOrientationPortrait UIInterfaceOrientationPortraitUpsideDown UIInterfaceOrientationLandscapeLeft UIInterfaceOrientationLandscapeRight";
				INFOPLIST_KEY_UISupportedInterfaceOrientations_iPhone = "UIInterfaceOrientationPortrait UIInterfaceOrientationLandscapeLeft UIInterfaceOrientationLandscapeRight";
				IPHONEOS_DEPLOYMENT_TARGET = 10.1;
				LD_RUNPATH_SEARCH_PATHS = (
					"$(inherited)",
					"@executable_path/Frameworks",
				);
				MARKETING_VERSION = 1.0;
				PRODUCT_BUNDLE_IDENTIFIER = Austerity.spotlightAppSwift;
				PRODUCT_NAME = "$(TARGET_NAME)";
				SWIFT_COMPILATION_MODE = wholemodule;
				SWIFT_EMIT_LOC_STRINGS = YES;
				SWIFT_OPTIMIZATION_LEVEL = "-O";
				SWIFT_VERSION = 5.0;
				TARGETED_DEVICE_FAMILY = "1,2";
			};
			name = Release;
		};
		94F09A0027E7EE6700CDC2C1 /* Debug */ = {
			isa = XCBuildConfiguration;
			buildSettings = {
				ALWAYS_SEARCH_USER_PATHS = NO;
				CLANG_ANALYZER_NONNULL = YES;
				CLANG_ANALYZER_NUMBER_OBJECT_CONVERSION = YES_AGGRESSIVE;
				CLANG_CXX_LANGUAGE_STANDARD = "gnu++14";
				CLANG_CXX_LIBRARY = "libc++";
				CLANG_ENABLE_MODULES = YES;
				CLANG_ENABLE_OBJC_ARC = YES;
				CLANG_ENABLE_OBJC_WEAK = YES;
				CLANG_WARN_BLOCK_CAPTURE_AUTORELEASING = YES;
				CLANG_WARN_BOOL_CONVERSION = YES;
				CLANG_WARN_COMMA = YES;
				CLANG_WARN_CONSTANT_CONVERSION = YES;
				CLANG_WARN_DEPRECATED_OBJC_IMPLEMENTATIONS = YES;
				CLANG_WARN_DIRECT_OBJC_ISA_USAGE = YES_ERROR;
				CLANG_WARN_DOCUMENTATION_COMMENTS = YES;
				CLANG_WARN_EMPTY_BODY = YES;
				CLANG_WARN_ENUM_CONVERSION = YES;
				CLANG_WARN_INFINITE_RECURSION = YES;
				CLANG_WARN_INT_CONVERSION = YES;
				CLANG_WARN_NON_LITERAL_NULL_CONVERSION = YES;
				CLANG_WARN_OBJC_IMPLICIT_RETAIN_SELF = YES;
				CLANG_WARN_OBJC_LITERAL_CONVERSION = YES;
				CLANG_WARN_OBJC_ROOT_CLASS = YES_ERROR;
				CLANG_WARN_QUOTED_INCLUDE_IN_FRAMEWORK_HEADER = YES;
				CLANG_WARN_RANGE_LOOP_ANALYSIS = YES;
				CLANG_WARN_STRICT_PROTOTYPES = YES;
				CLANG_WARN_SUSPICIOUS_MOVE = YES;
				CLANG_WARN_UNGUARDED_AVAILABILITY = YES_AGGRESSIVE;
				CLANG_WARN_UNREACHABLE_CODE = YES;
				CLANG_WARN__DUPLICATE_METHOD_MATCH = YES;
				COPY_PHASE_STRIP = NO;
				DEBUG_INFORMATION_FORMAT = dwarf;
				ENABLE_STRICT_OBJC_MSGSEND = YES;
				ENABLE_TESTABILITY = YES;
				GCC_C_LANGUAGE_STANDARD = gnu11;
				GCC_DYNAMIC_NO_PIC = NO;
				GCC_NO_COMMON_BLOCKS = YES;
				GCC_OPTIMIZATION_LEVEL = 0;
				GCC_PREPROCESSOR_DEFINITIONS = (
					"DEBUG=1",
					"$(inherited)",
				);
				GCC_WARN_64_TO_32_BIT_CONVERSION = YES;
				GCC_WARN_ABOUT_RETURN_TYPE = YES_ERROR;
				GCC_WARN_UNDECLARED_SELECTOR = YES;
				GCC_WARN_UNINITIALIZED_AUTOS = YES_AGGRESSIVE;
				GCC_WARN_UNUSED_FUNCTION = YES;
				GCC_WARN_UNUSED_VARIABLE = YES;
				IPHONEOS_DEPLOYMENT_TARGET = 10.1;
				MTL_ENABLE_DEBUG_INFO = INCLUDE_SOURCE;
				MTL_FAST_MATH = YES;
				ONLY_ACTIVE_ARCH = YES;
				SDKROOT = iphoneos;
			};
			name = Debug;
		};
		94F09A0127E7EE6700CDC2C1 /* Release */ = {
			isa = XCBuildConfiguration;
			buildSettings = {
				ALWAYS_SEARCH_USER_PATHS = NO;
				CLANG_ANALYZER_NONNULL = YES;
				CLANG_ANALYZER_NUMBER_OBJECT_CONVERSION = YES_AGGRESSIVE;
				CLANG_CXX_LANGUAGE_STANDARD = "gnu++14";
				CLANG_CXX_LIBRARY = "libc++";
				CLANG_ENABLE_MODULES = YES;
				CLANG_ENABLE_OBJC_ARC = YES;
				CLANG_ENABLE_OBJC_WEAK = YES;
				CLANG_WARN_BLOCK_CAPTURE_AUTORELEASING = YES;
				CLANG_WARN_BOOL_CONVERSION = YES;
				CLANG_WARN_COMMA = YES;
				CLANG_WARN_CONSTANT_CONVERSION = YES;
				CLANG_WARN_DEPRECATED_OBJC_IMPLEMENTATIONS = YES;
				CLANG_WARN_DIRECT_OBJC_ISA_USAGE = YES_ERROR;
				CLANG_WARN_DOCUMENTATION_COMMENTS = YES;
				CLANG_WARN_EMPTY_BODY = YES;
				CLANG_WARN_ENUM_CONVERSION = YES;
				CLANG_WARN_INFINITE_RECURSION = YES;
				CLANG_WARN_INT_CONVERSION = YES;
				CLANG_WARN_NON_LITERAL_NULL_CONVERSION = YES;
				CLANG_WARN_OBJC_IMPLICIT_RETAIN_SELF = YES;
				CLANG_WARN_OBJC_LITERAL_CONVERSION = YES;
				CLANG_WARN_OBJC_ROOT_CLASS = YES_ERROR;
				CLANG_WARN_QUOTED_INCLUDE_IN_FRAMEWORK_HEADER = YES;
				CLANG_WARN_RANGE_LOOP_ANALYSIS = YES;
				CLANG_WARN_STRICT_PROTOTYPES = YES;
				CLANG_WARN_SUSPICIOUS_MOVE = YES;
				CLANG_WARN_UNGUARDED_AVAILABILITY = YES_AGGRESSIVE;
				CLANG_WARN_UNREACHABLE_CODE = YES;
				CLANG_WARN__DUPLICATE_METHOD_MATCH = YES;
				COPY_PHASE_STRIP = NO;
				DEBUG_INFORMATION_FORMAT = "dwarf-with-dsym";
				ENABLE_NS_ASSERTIONS = NO;
				ENABLE_STRICT_OBJC_MSGSEND = YES;
				GCC_C_LANGUAGE_STANDARD = gnu11;
				GCC_NO_COMMON_BLOCKS = YES;
				GCC_WARN_64_TO_32_BIT_CONVERSION = YES;
				GCC_WARN_ABOUT_RETURN_TYPE = YES_ERROR;
				GCC_WARN_UNDECLARED_SELECTOR = YES;
				GCC_WARN_UNINITIALIZED_AUTOS = YES_AGGRESSIVE;
				GCC_WARN_UNUSED_FUNCTION = YES;
				GCC_WARN_UNUSED_VARIABLE = YES;
				IPHONEOS_DEPLOYMENT_TARGET = 10.1;
				MTL_ENABLE_DEBUG_INFO = NO;
				MTL_FAST_MATH = YES;
				SDKROOT = iphoneos;
				VALIDATE_PRODUCT = YES;
			};
			name = Release;
		};
		94F09A0327E7EE6700CDC2C1 /* Debug */ = {
			isa = XCBuildConfiguration;
			buildSettings = {
				ASSETCATALOG_COMPILER_APPICON_NAME = AppIcon;
				ASSETCATALOG_COMPILER_GLOBAL_ACCENT_COLOR_NAME = AccentColor;
				ASSETCATALOG_COMPILER_INCLUDE_ALL_APPICON_ASSETS = YES;
				CODE_SIGN_STYLE = Automatic;
				DEVELOPMENT_TEAM = QPWUJCX8L6;
				INFOPLIST_FILE = spotlightApp/Info.plist;
				IPHONEOS_DEPLOYMENT_TARGET = 10.1;
				LD_RUNPATH_SEARCH_PATHS = (
					"$(inherited)",
					"@executable_path/Frameworks",
				);
				PRODUCT_BUNDLE_IDENTIFIER = com.Piktamine.spotlightApp;
				PRODUCT_NAME = "$(TARGET_NAME)";
				TARGETED_DEVICE_FAMILY = "1,2";
			};
			name = Debug;
		};
		94F09A0427E7EE6700CDC2C1 /* Release */ = {
			isa = XCBuildConfiguration;
			buildSettings = {
				ASSETCATALOG_COMPILER_APPICON_NAME = AppIcon;
				ASSETCATALOG_COMPILER_GLOBAL_ACCENT_COLOR_NAME = AccentColor;
				ASSETCATALOG_COMPILER_INCLUDE_ALL_APPICON_ASSETS = YES;
				CODE_SIGN_STYLE = Automatic;
				DEVELOPMENT_TEAM = QPWUJCX8L6;
				INFOPLIST_FILE = spotlightApp/Info.plist;
				IPHONEOS_DEPLOYMENT_TARGET = 10.1;
				LD_RUNPATH_SEARCH_PATHS = (
					"$(inherited)",
					"@executable_path/Frameworks",
				);
				PRODUCT_BUNDLE_IDENTIFIER = com.Piktamine.spotlightApp;
				PRODUCT_NAME = "$(TARGET_NAME)";
				TARGETED_DEVICE_FAMILY = "1,2";
			};
			name = Release;
		};
/* End XCBuildConfiguration section */

/* Begin XCConfigurationList section */
		948BB0732856D572000C5625 /* Build configuration list for PBXNativeTarget "spotlightAppSwift" */ = {
			isa = XCConfigurationList;
			buildConfigurations = (
				948BB0742856D572000C5625 /* Debug */,
				948BB0752856D572000C5625 /* Release */,
			);
			defaultConfigurationIsVisible = 0;
			defaultConfigurationName = Release;
		};
		94F099E427E7EE5A00CDC2C1 /* Build configuration list for PBXProject "spotlightApp" */ = {
			isa = XCConfigurationList;
			buildConfigurations = (
				94F09A0027E7EE6700CDC2C1 /* Debug */,
				94F09A0127E7EE6700CDC2C1 /* Release */,
			);
			defaultConfigurationIsVisible = 0;
			defaultConfigurationName = Release;
		};
		94F09A0227E7EE6700CDC2C1 /* Build configuration list for PBXNativeTarget "spotlightApp" */ = {
			isa = XCConfigurationList;
			buildConfigurations = (
				94F09A0327E7EE6700CDC2C1 /* Debug */,
				94F09A0427E7EE6700CDC2C1 /* Release */,
			);
			defaultConfigurationIsVisible = 0;
			defaultConfigurationName = Release;
		};
/* End XCConfigurationList section */
	};
	rootObject = 94F099E127E7EE5A00CDC2C1 /* Project object */;
}
